
Microsoft Visual Studio Solution File, Format Version 12.00
Project("{FAE04EC0-301F-11D3-BF4B-00C04F79EFBC}") = "q1", "q1\q1.csproj", "{66EDFD5D-C72C-4E4F-9EDC-767D23504A59}"
EndProject
Project("{FAE04EC0-301F-11D3-BF4B-00C04F79EFBC}") = "q2", "q2\q2.csproj", "{529DF306-74FC-4DFA-9780-4057C83A60DD}"
EndProject
Global
	GlobalSection(SolutionConfigurationPlatforms) = preSolution
		Debug|Any CPU = Debug|Any CPU
		Release|Any CPU = Release|Any CPU
	EndGlobalSection
	GlobalSection(ProjectConfigurationPlatforms) = postSolution
		{66EDFD5D-C72C-4E4F-9EDC-767D23504A59}.Debug|Any CPU.ActiveCfg = Debug|Any CPU
		{66EDFD5D-C72C-4E4F-9EDC-767D23504A59}.Debug|Any CPU.Build.0 = Debug|Any CPU
		{66EDFD5D-C72C-4E4F-9EDC-767D23504A59}.Release|Any CPU.ActiveCfg = Release|Any CPU
		{66EDFD5D-C72C-4E4F-9EDC-767D23504A59}.Release|Any CPU.Build.0 = Release|Any CPU
		{529DF306-74FC-4DFA-9780-4057C83A60DD}.Debug|Any CPU.ActiveCfg = Debug|Any CPU
		{529DF306-74FC-4DFA-9780-4057C83A60DD}.Debug|Any CPU.Build.0 = Debug|Any CPU
		{529DF306-74FC-4DFA-9780-4057C83A60DD}.Release|Any CPU.ActiveCfg = Release|Any CPU
		{529DF306-74FC-4DFA-9780-4057C83A60DD}.Release|Any CPU.Build.0 = Release|Any CPU
	EndGlobalSection
EndGlobal
